// !$*UTF8*$!
{
	archiveVersion = 1;
	classes = {
	};
	objectVersion = 77;
	objects = {

/* Begin PBXBuildFile section */
		9A705BAB2D9351E700303F0A /* URLImage in Frameworks */ = {isa = PBXBuildFile; productRef = 9A705BAA2D9351E700303F0A /* URLImage */; };
		9A705BB12D95964200303F0A /* FirebaseAuth in Frameworks */ = {isa = PBXBuildFile; productRef = 9A705BB02D95964200303F0A /* FirebaseAuth */; };
		9A705BB32D95964200303F0A /* FirebaseFirestore in Frameworks */ = {isa = PBXBuildFile; productRef = 9A705BB22D95964200303F0A /* FirebaseFirestore */; };
/* End PBXBuildFile section */

/* Begin PBXContainerItemProxy section */
		9AF2AEA12D934A2700365913 /* PBXContainerItemProxy */ = {
			isa = PBXContainerItemProxy;
			containerPortal = 9AF2AE862D934A2500365913 /* Project object */;
			proxyType = 1;
			remoteGlobalIDString = 9AF2AE8D2D934A2500365913;
			remoteInfo = Taskii;
		};
		9AF2AEAB2D934A2700365913 /* PBXContainerItemProxy */ = {
			isa = PBXContainerItemProxy;
			containerPortal = 9AF2AE862D934A2500365913 /* Project object */;
			proxyType = 1;
			remoteGlobalIDString = 9AF2AE8D2D934A2500365913;
			remoteInfo = Taskii;
		};
/* End PBXContainerItemProxy section */

/* Begin PBXFileReference section */
		9AF2AE8E2D934A2500365913 /* Taskii.app */ = {isa = PBXFileReference; explicitFileType = wrapper.application; includeInIndex = 0; path = Taskii.app; sourceTree = BUILT_PRODUCTS_DIR; };
		9AF2AEA02D934A2700365913 /* TaskiiTests.xctest */ = {isa = PBXFileReference; explicitFileType = wrapper.cfbundle; includeInIndex = 0; path = TaskiiTests.xctest; sourceTree = BUILT_PRODUCTS_DIR; };
		9AF2AEAA2D934A2700365913 /* TaskiiUITests.xctest */ = {isa = PBXFileReference; explicitFileType = wrapper.cfbundle; includeInIndex = 0; path = TaskiiUITests.xctest; sourceTree = BUILT_PRODUCTS_DIR; };
/* End PBXFileReference section */

/* Begin PBXFileSystemSynchronizedRootGroup section */
		9AF2AE902D934A2500365913 /* Taskii */ = {
			isa = PBXFileSystemSynchronizedRootGroup;
			path = Taskii;
			sourceTree = "<group>";
		};
		9AF2AEA32D934A2700365913 /* TaskiiTests */ = {
			isa = PBXFileSystemSynchronizedRootGroup;
			path = TaskiiTests;
			sourceTree = "<group>";
		};
		9AF2AEAD2D934A2700365913 /* TaskiiUITests */ = {
			isa = PBXFileSystemSynchronizedRootGroup;
			path = TaskiiUITests;
			sourceTree = "<group>";
		};
/* End PBXFileSystemSynchronizedRootGroup section */

/* Begin PBXFrameworksBuildPhase section */
		9AF2AE8B2D934A2500365913 /* Frameworks */ = {
			isa = PBXFrameworksBuildPhase;
			buildActionMask = 2147483647;
			files = (
				9A705BAB2D9351E700303F0A /* URLImage in Frameworks */,
				9A705BB12D95964200303F0A /* FirebaseAuth in Frameworks */,
				9A705BB32D95964200303F0A /* FirebaseFirestore in Frameworks */,
			);
			runOnlyForDeploymentPostprocessing = 0;
		};
		9AF2AE9D2D934A2700365913 /* Frameworks */ = {
			isa = PBXFrameworksBuildPhase;
			buildActionMask = 2147483647;
			files = (
			);
			runOnlyForDeploymentPostprocessing = 0;
		};
		9AF2AEA72D934A2700365913 /* Frameworks */ = {
			isa = PBXFrameworksBuildPhase;
			buildActionMask = 2147483647;
			files = (
			);
			runOnlyForDeploymentPostprocessing = 0;
		};
/* End PBXFrameworksBuildPhase section */

/* Begin PBXGroup section */
		9A705BA92D9351E700303F0A /* Frameworks */ = {
			isa = PBXGroup;
			children = (
			);
			name = Frameworks;
			sourceTree = "<group>";
		};
		9AF2AE852D934A2500365913 = {
			isa = PBXGroup;
			children = (
				9AF2AE902D934A2500365913 /* Taskii */,
				9AF2AEA32D934A2700365913 /* TaskiiTests */,
				9AF2AEAD2D934A2700365913 /* TaskiiUITests */,
				9A705BA92D9351E700303F0A /* Frameworks */,
				9AF2AE8F2D934A2500365913 /* Products */,
			);
			sourceTree = "<group>";
		};
		9AF2AE8F2D934A2500365913 /* Products */ = {
			isa = PBXGroup;
			children = (
				9AF2AE8E2D934A2500365913 /* Taskii.app */,
				9AF2AEA02D934A2700365913 /* TaskiiTests.xctest */,
				9AF2AEAA2D934A2700365913 /* TaskiiUITests.xctest */,
			);
			name = Products;
			sourceTree = "<group>";
		};
/* End PBXGroup section */

/* Begin PBXNativeTarget section */
		9AF2AE8D2D934A2500365913 /* Taskii */ = {
			isa = PBXNativeTarget;
			buildConfigurationList = 9AF2AEB42D934A2700365913 /* Build configuration list for PBXNativeTarget "Taskii" */;
			buildPhases = (
				9AF2AE8A2D934A2500365913 /* Sources */,
				9AF2AE8B2D934A2500365913 /* Frameworks */,
				9AF2AE8C2D934A2500365913 /* Resources */,
			);
			buildRules = (
			);
			dependencies = (
			);
			fileSystemSynchronizedGroups = (
				9AF2AE902D934A2500365913 /* Taskii */,
			);
			name = Taskii;
			packageProductDependencies = (
				9A705BAA2D9351E700303F0A /* URLImage */,
				9A705BB02D95964200303F0A /* FirebaseAuth */,
				9A705BB22D95964200303F0A /* FirebaseFirestore */,
			);
			productName = Taskii;
			productReference = 9AF2AE8E2D934A2500365913 /* Taskii.app */;
			productType = "com.apple.product-type.application";
		};
		9AF2AE9F2D934A2700365913 /* TaskiiTests */ = {
			isa = PBXNativeTarget;
			buildConfigurationList = 9AF2AEB72D934A2700365913 /* Build configuration list for PBXNativeTarget "TaskiiTests" */;
			buildPhases = (
				9AF2AE9C2D934A2700365913 /* Sources */,
				9AF2AE9D2D934A2700365913 /* Frameworks */,
				9AF2AE9E2D934A2700365913 /* Resources */,
			);
			buildRules = (
			);
			dependencies = (
				9AF2AEA22D934A2700365913 /* PBXTargetDependency */,
			);
			fileSystemSynchronizedGroups = (
				9AF2AEA32D934A2700365913 /* TaskiiTests */,
			);
			name = TaskiiTests;
			packageProductDependencies = (
			);
			productName = TaskiiTests;
			productReference = 9AF2AEA02D934A2700365913 /* TaskiiTests.xctest */;
			productType = "com.apple.product-type.bundle.unit-test";
		};
		9AF2AEA92D934A2700365913 /* TaskiiUITests */ = {
			isa = PBXNativeTarget;
			buildConfigurationList = 9AF2AEBA2D934A2700365913 /* Build configuration list for PBXNativeTarget "TaskiiUITests" */;
			buildPhases = (
				9AF2AEA62D934A2700365913 /* Sources */,
				9AF2AEA72D934A2700365913 /* Frameworks */,
				9AF2AEA82D934A2700365913 /* Resources */,
			);
			buildRules = (
			);
			dependencies = (
				9AF2AEAC2D934A2700365913 /* PBXTargetDependency */,
			);
			fileSystemSynchronizedGroups = (
				9AF2AEAD2D934A2700365913 /* TaskiiUITests */,
			);
			name = TaskiiUITests;
			packageProductDependencies = (
			);
			productName = TaskiiUITests;
			productReference = 9AF2AEAA2D934A2700365913 /* TaskiiUITests.xctest */;
			productType = "com.apple.product-type.bundle.ui-testing";
		};
/* End PBXNativeTarget section */

/* Begin PBXProject section */
		9AF2AE862D934A2500365913 /* Project object */ = {
			isa = PBXProject;
			attributes = {
				BuildIndependentTargetsInParallel = 1;
				LastSwiftUpdateCheck = 1620;
				LastUpgradeCheck = 1620;
				TargetAttributes = {
					9AF2AE8D2D934A2500365913 = {
						CreatedOnToolsVersion = 16.2;
					};
					9AF2AE9F2D934A2700365913 = {
						CreatedOnToolsVersion = 16.2;
						TestTargetID = 9AF2AE8D2D934A2500365913;
					};
					9AF2AEA92D934A2700365913 = {
						CreatedOnToolsVersion = 16.2;
						TestTargetID = 9AF2AE8D2D934A2500365913;
					};
				};
			};
			buildConfigurationList = 9AF2AE892D934A2500365913 /* Build configuration list for PBXProject "Taskii" */;
			developmentRegion = en;
			hasScannedForEncodings = 0;
			knownRegions = (
				en,
				Base,
			);
			mainGroup = 9AF2AE852D934A2500365913;
			minimizedProjectReferenceProxies = 1;
			packageReferences = (
				9A705BA82D9351BF00303F0A /* XCRemoteSwiftPackageReference "url-image" */,
				9A705BAF2D95964100303F0A /* XCRemoteSwiftPackageReference "firebase-ios-sdk" */,
			);
			preferredProjectObjectVersion = 77;
			productRefGroup = 9AF2AE8F2D934A2500365913 /* Products */;
			projectDirPath = "";
			projectRoot = "";
			targets = (
				9AF2AE8D2D934A2500365913 /* Taskii */,
				9AF2AE9F2D934A2700365913 /* TaskiiTests */,
				9AF2AEA92D934A2700365913 /* TaskiiUITests */,
			);
		};
/* End PBXProject section */

/* Begin PBXResourcesBuildPhase section */
		9AF2AE8C2D934A2500365913 /* Resources */ = {
			isa = PBXResourcesBuildPhase;
			buildActionMask = 2147483647;
			files = (
			);
			runOnlyForDeploymentPostprocessing = 0;
		};
		9AF2AE9E2D934A2700365913 /* Resources */ = {
			isa = PBXResourcesBuildPhase;
			buildActionMask = 2147483647;
			files = (
			);
			runOnlyForDeploymentPostprocessing = 0;
		};
		9AF2AEA82D934A2700365913 /* Resources */ = {
			isa = PBXResourcesBuildPhase;
			buildActionMask = 2147483647;
			files = (
			);
			runOnlyForDeploymentPostprocessing = 0;
		};
/* End PBXResourcesBuildPhase section */

/* Begin PBXSourcesBuildPhase section */
		9AF2AE8A2D934A2500365913 /* Sources */ = {
			isa = PBXSourcesBuildPhase;
			buildActionMask = 2147483647;
			files = (
			);
			runOnlyForDeploymentPostprocessing = 0;
		};
		9AF2AE9C2D934A2700365913 /* Sources */ = {
			isa = PBXSourcesBuildPhase;
			buildActionMask = 2147483647;
			files = (
			);
			runOnlyForDeploymentPostprocessing = 0;
		};
		9AF2AEA62D934A2700365913 /* Sources */ = {
			isa = PBXSourcesBuildPhase;
			buildActionMask = 2147483647;
			files = (
			);
			runOnlyForDeploymentPostprocessing = 0;
		};
/* End PBXSourcesBuildPhase section */

/* Begin PBXTargetDependency section */
		9AF2AEA22D934A2700365913 /* PBXTargetDependency */ = {
			isa = PBXTargetDependency;
			target = 9AF2AE8D2D934A2500365913 /* Taskii */;
			targetProxy = 9AF2AEA12D934A2700365913 /* PBXContainerItemProxy */;
		};
		9AF2AEAC2D934A2700365913 /* PBXTargetDependency */ = {
			isa = PBXTargetDependency;
			target = 9AF2AE8D2D934A2500365913 /* Taskii */;
			targetProxy = 9AF2AEAB2D934A2700365913 /* PBXContainerItemProxy */;
		};
/* End PBXTargetDependency section */

/* Begin XCBuildConfiguration section */
		9AF2AEB22D934A2700365913 /* Debug */ = {
			isa = XCBuildConfiguration;
			buildSettings = {
				ALWAYS_SEARCH_USER_PATHS = NO;
				ASSETCATALOG_COMPILER_GENERATE_SWIFT_ASSET_SYMBOL_EXTENSIONS = YES;
				CLANG_ANALYZER_NONNULL = YES;
				CLANG_ANALYZER_NUMBER_OBJECT_CONVERSION = YES_AGGRESSIVE;
				CLANG_CXX_LANGUAGE_STANDARD = "gnu++20";
				CLANG_ENABLE_MODULES = YES;
				CLANG_ENABLE_OBJC_ARC = YES;
				CLANG_ENABLE_OBJC_WEAK = YES;
				CLANG_WARN_BLOCK_CAPTURE_AUTORELEASING = YES;
				CLANG_WARN_BOOL_CONVERSION = YES;
				CLANG_WARN_COMMA = YES;
				CLANG_WARN_CONSTANT_CONVERSION = YES;
				CLANG_WARN_DEPRECATED_OBJC_IMPLEMENTATIONS = YES;
				CLANG_WARN_DIRECT_OBJC_ISA_USAGE = YES_ERROR;
				CLANG_WARN_DOCUMENTATION_COMMENTS = YES;
				CLANG_WARN_EMPTY_BODY = YES;
				CLANG_WARN_ENUM_CONVERSION = YES;
				CLANG_WARN_INFINITE_RECURSION = YES;
				CLANG_WARN_INT_CONVERSION = YES;
				CLANG_WARN_NON_LITERAL_NULL_CONVERSION = YES;
				CLANG_WARN_OBJC_IMPLICIT_RETAIN_SELF = YES;
				CLANG_WARN_OBJC_LITERAL_CONVERSION = YES;
				CLANG_WARN_OBJC_ROOT_CLASS = YES_ERROR;
				CLANG_WARN_QUOTED_INCLUDE_IN_FRAMEWORK_HEADER = YES;
				CLANG_WARN_RANGE_LOOP_ANALYSIS = YES;
				CLANG_WARN_STRICT_PROTOTYPES = YES;
				CLANG_WARN_SUSPICIOUS_MOVE = YES;
				CLANG_WARN_UNGUARDED_AVAILABILITY = YES_AGGRESSIVE;
				CLANG_WARN_UNREACHABLE_CODE = YES;
				CLANG_WARN__DUPLICATE_METHOD_MATCH = YES;
				COPY_PHASE_STRIP = NO;
				DEBUG_INFORMATION_FORMAT = dwarf;
				ENABLE_STRICT_OBJC_MSGSEND = YES;
				ENABLE_TESTABILITY = YES;
				ENABLE_USER_SCRIPT_SANDBOXING = YES;
				GCC_C_LANGUAGE_STANDARD = gnu17;
				GCC_DYNAMIC_NO_PIC = NO;
				GCC_NO_COMMON_BLOCKS = YES;
				GCC_OPTIMIZATION_LEVEL = 0;
				GCC_PREPROCESSOR_DEFINITIONS = (
					"DEBUG=1",
					"$(inherited)",
				);
				GCC_WARN_64_TO_32_BIT_CONVERSION = YES;
				GCC_WARN_ABOUT_RETURN_TYPE = YES_ERROR;
				GCC_WARN_UNDECLARED_SELECTOR = YES;
				GCC_WARN_UNINITIALIZED_AUTOS = YES_AGGRESSIVE;
				GCC_WARN_UNUSED_FUNCTION = YES;
				GCC_WARN_UNUSED_VARIABLE = YES;
				IPHONEOS_DEPLOYMENT_TARGET = 18.2;
				LOCALIZATION_PREFERS_STRING_CATALOGS = YES;
				MTL_ENABLE_DEBUG_INFO = INCLUDE_SOURCE;
				MTL_FAST_MATH = YES;
				ONLY_ACTIVE_ARCH = YES;
				SDKROOT = iphoneos;
				SWIFT_ACTIVE_COMPILATION_CONDITIONS = "DEBUG $(inherited)";
				SWIFT_OPTIMIZATION_LEVEL = "-Onone";
			};
			name = Debug;
		};
		9AF2AEB32D934A2700365913 /* Release */ = {
			isa = XCBuildConfiguration;
			buildSettings = {
				ALWAYS_SEARCH_USER_PATHS = NO;
				ASSETCATALOG_COMPILER_GENERATE_SWIFT_ASSET_SYMBOL_EXTENSIONS = YES;
				CLANG_ANALYZER_NONNULL = YES;
				CLANG_ANALYZER_NUMBER_OBJECT_CONVERSION = YES_AGGRESSIVE;
				CLANG_CXX_LANGUAGE_STANDARD = "gnu++20";
				CLANG_ENABLE_MODULES = YES;
				CLANG_ENABLE_OBJC_ARC = YES;
				CLANG_ENABLE_OBJC_WEAK = YES;
				CLANG_WARN_BLOCK_CAPTURE_AUTORELEASING = YES;
				CLANG_WARN_BOOL_CONVERSION = YES;
				CLANG_WARN_COMMA = YES;
				CLANG_WARN_CONSTANT_CONVERSION = YES;
				CLANG_WARN_DEPRECATED_OBJC_IMPLEMENTATIONS = YES;
				CLANG_WARN_DIRECT_OBJC_ISA_USAGE = YES_ERROR;
				CLANG_WARN_DOCUMENTATION_COMMENTS = YES;
				CLANG_WARN_EMPTY_BODY = YES;
				CLANG_WARN_ENUM_CONVERSION = YES;
				CLANG_WARN_INFINITE_RECURSION = YES;
				CLANG_WARN_INT_CONVERSION = YES;
				CLANG_WARN_NON_LITERAL_NULL_CONVERSION = YES;
				CLANG_WARN_OBJC_IMPLICIT_RETAIN_SELF = YES;
				CLANG_WARN_OBJC_LITERAL_CONVERSION = YES;
				CLANG_WARN_OBJC_ROOT_CLASS = YES_ERROR;
				CLANG_WARN_QUOTED_INCLUDE_IN_FRAMEWORK_HEADER = YES;
				CLANG_WARN_RANGE_LOOP_ANALYSIS = YES;
				CLANG_WARN_STRICT_PROTOTYPES = YES;
				CLANG_WARN_SUSPICIOUS_MOVE = YES;
				CLANG_WARN_UNGUARDED_AVAILABILITY = YES_AGGRESSIVE;
				CLANG_WARN_UNREACHABLE_CODE = YES;
				CLANG_WARN__DUPLICATE_METHOD_MATCH = YES;
				COPY_PHASE_STRIP = NO;
				DEBUG_INFORMATION_FORMAT = "dwarf-with-dsym";
				ENABLE_NS_ASSERTIONS = NO;
				ENABLE_STRICT_OBJC_MSGSEND = YES;
				ENABLE_USER_SCRIPT_SANDBOXING = YES;
				GCC_C_LANGUAGE_STANDARD = gnu17;
				GCC_NO_COMMON_BLOCKS = YES;
				GCC_WARN_64_TO_32_BIT_CONVERSION = YES;
				GCC_WARN_ABOUT_RETURN_TYPE = YES_ERROR;
				GCC_WARN_UNDECLARED_SELECTOR = YES;
				GCC_WARN_UNINITIALIZED_AUTOS = YES_AGGRESSIVE;
				GCC_WARN_UNUSED_FUNCTION = YES;
				GCC_WARN_UNUSED_VARIABLE = YES;
				IPHONEOS_DEPLOYMENT_TARGET = 18.2;
				LOCALIZATION_PREFERS_STRING_CATALOGS = YES;
				MTL_ENABLE_DEBUG_INFO = NO;
				MTL_FAST_MATH = YES;
				SDKROOT = iphoneos;
				SWIFT_COMPILATION_MODE = wholemodule;
				VALIDATE_PRODUCT = YES;
			};
			name = Release;
		};
		9AF2AEB52D934A2700365913 /* Debug */ = {
			isa = XCBuildConfiguration;
			buildSettings = {
				ASSETCATALOG_COMPILER_APPICON_NAME = AppIcon;
				ASSETCATALOG_COMPILER_GLOBAL_ACCENT_COLOR_NAME = AccentColor;
				CODE_SIGN_STYLE = Automatic;
				CURRENT_PROJECT_VERSION = 1;
				DEVELOPMENT_ASSET_PATHS = "\"Taskii/Preview Content\"";
				ENABLE_PREVIEWS = YES;
				GENERATE_INFOPLIST_FILE = YES;
				INFOPLIST_KEY_CFBundleDisplayName = Taskii;
				INFOPLIST_KEY_LSApplicationCategoryType = "public.app-category.productivity";
				INFOPLIST_KEY_UIApplicationSceneManifest_Generation = YES;
				INFOPLIST_KEY_UIApplicationSupportsIndirectInputEvents = YES;
				INFOPLIST_KEY_UILaunchScreen_Generation = YES;
				INFOPLIST_KEY_UISupportedInterfaceOrientations = "UIInterfaceOrientationLandscapeLeft UIInterfaceOrientationLandscapeRight UIInterfaceOrientationPortrait";
				INFOPLIST_KEY_UISupportedInterfaceOrientations_iPad = UIInterfaceOrientationPortrait;
				IPHONEOS_DEPLOYMENT_TARGET = 18.0;
				LD_RUNPATH_SEARCH_PATHS = (
					"$(inherited)",
					"@executable_path/Frameworks",
				);
				MARKETING_VERSION = 1.0;
				PRODUCT_BUNDLE_IDENTIFIER = teamh.Taskii;
				PRODUCT_NAME = "$(TARGET_NAME)";
				SUPPORTED_PLATFORMS = "iphoneos iphonesimulator";
				SUPPORTS_MACCATALYST = NO;
				SUPPORTS_XR_DESIGNED_FOR_IPHONE_IPAD = NO;
				SWIFT_EMIT_LOC_STRINGS = YES;
				SWIFT_VERSION = 5.0;
				TARGETED_DEVICE_FAMILY = "1,2";
			};
			name = Debug;
		};
		9AF2AEB62D934A2700365913 /* Release */ = {
			isa = XCBuildConfiguration;
			buildSettings = {
				ASSETCATALOG_COMPILER_APPICON_NAME = AppIcon;
				ASSETCATALOG_COMPILER_GLOBAL_ACCENT_COLOR_NAME = AccentColor;
				CODE_SIGN_STYLE = Automatic;
				CURRENT_PROJECT_VERSION = 1;
				DEVELOPMENT_ASSET_PATHS = "\"Taskii/Preview Content\"";
				ENABLE_PREVIEWS = YES;
				GENERATE_INFOPLIST_FILE = YES;
				INFOPLIST_KEY_CFBundleDisplayName = Taskii;
				INFOPLIST_KEY_LSApplicationCategoryType = "public.app-category.productivity";
				INFOPLIST_KEY_UIApplicationSceneManifest_Generation = YES;
				INFOPLIST_KEY_UIApplicationSupportsIndirectInputEvents = YES;
				INFOPLIST_KEY_UILaunchScreen_Generation = YES;
				INFOPLIST_KEY_UISupportedInterfaceOrientations = "UIInterfaceOrientationLandscapeLeft UIInterfaceOrientationLandscapeRight UIInterfaceOrientationPortrait";
				INFOPLIST_KEY_UISupportedInterfaceOrientations_iPad = UIInterfaceOrientationPortrait;
				IPHONEOS_DEPLOYMENT_TARGET = 18.0;
				LD_RUNPATH_SEARCH_PATHS = (
					"$(inherited)",
					"@executable_path/Frameworks",
				);
				MARKETING_VERSION = 1.0;
				PRODUCT_BUNDLE_IDENTIFIER = teamh.Taskii;
				PRODUCT_NAME = "$(TARGET_NAME)";
				SUPPORTED_PLATFORMS = "iphoneos iphonesimulator";
				SUPPORTS_MACCATALYST = NO;
				SUPPORTS_XR_DESIGNED_FOR_IPHONE_IPAD = NO;
				SWIFT_EMIT_LOC_STRINGS = YES;
				SWIFT_VERSION = 5.0;
				TARGETED_DEVICE_FAMILY = "1,2";
			};
			name = Release;
		};
		9AF2AEB82D934A2700365913 /* Debug */ = {
			isa = XCBuildConfiguration;
			buildSettings = {
				BUNDLE_LOADER = "$(TEST_HOST)";
				CODE_SIGN_STYLE = Automatic;
				CURRENT_PROJECT_VERSION = 1;
				GENERATE_INFOPLIST_FILE = YES;
				IPHONEOS_DEPLOYMENT_TARGET = 18.2;
				MARKETING_VERSION = 1.0;
				PRODUCT_BUNDLE_IDENTIFIER = teamh.TaskiiTests;
				PRODUCT_NAME = "$(TARGET_NAME)";
				SWIFT_EMIT_LOC_STRINGS = NO;
				SWIFT_VERSION = 5.0;
				TARGETED_DEVICE_FAMILY = "1,2";
				TEST_HOST = "$(BUILT_PRODUCTS_DIR)/Taskii.app/$(BUNDLE_EXECUTABLE_FOLDER_PATH)/Taskii";
			};
			name = Debug;
		};
		9AF2AEB92D934A2700365913 /* Release */ = {
			isa = XCBuildConfiguration;
			buildSettings = {
				BUNDLE_LOADER = "$(TEST_HOST)";
				CODE_SIGN_STYLE = Automatic;
				CURRENT_PROJECT_VERSION = 1;
				GENERATE_INFOPLIST_FILE = YES;
				IPHONEOS_DEPLOYMENT_TARGET = 18.2;
				MARKETING_VERSION = 1.0;
				PRODUCT_BUNDLE_IDENTIFIER = teamh.TaskiiTests;
				PRODUCT_NAME = "$(TARGET_NAME)";
				SWIFT_EMIT_LOC_STRINGS = NO;
				SWIFT_VERSION = 5.0;
				TARGETED_DEVICE_FAMILY = "1,2";
				TEST_HOST = "$(BUILT_PRODUCTS_DIR)/Taskii.app/$(BUNDLE_EXECUTABLE_FOLDER_PATH)/Taskii";
			};
			name = Release;
		};
		9AF2AEBB2D934A2700365913 /* Debug */ = {
			isa = XCBuildConfiguration;
			buildSettings = {
				CODE_SIGN_STYLE = Automatic;
				CURRENT_PROJECT_VERSION = 1;
				GENERATE_INFOPLIST_FILE = YES;
				MARKETING_VERSION = 1.0;
				PRODUCT_BUNDLE_IDENTIFIER = teamh.TaskiiUITests;
				PRODUCT_NAME = "$(TARGET_NAME)";
				SWIFT_EMIT_LOC_STRINGS = NO;
				SWIFT_VERSION = 5.0;
				TARGETED_DEVICE_FAMILY = "1,2";
				TEST_TARGET_NAME = Taskii;
			};
			name = Debug;
		};
		9AF2AEBC2D934A2700365913 /* Release */ = {
			isa = XCBuildConfiguration;
			buildSettings = {
				CODE_SIGN_STYLE = Automatic;
				CURRENT_PROJECT_VERSION = 1;
				GENERATE_INFOPLIST_FILE = YES;
				MARKETING_VERSION = 1.0;
				PRODUCT_BUNDLE_IDENTIFIER = teamh.TaskiiUITests;
				PRODUCT_NAME = "$(TARGET_NAME)";
				SWIFT_EMIT_LOC_STRINGS = NO;
				SWIFT_VERSION = 5.0;
				TARGETED_DEVICE_FAMILY = "1,2";
				TEST_TARGET_NAME = Taskii;
			};
			name = Release;
		};
/* End XCBuildConfiguration section */

/* Begin XCConfigurationList section */
		9AF2AE892D934A2500365913 /* Build configuration list for PBXProject "Taskii" */ = {
			isa = XCConfigurationList;
			buildConfigurations = (
				9AF2AEB22D934A2700365913 /* Debug */,
				9AF2AEB32D934A2700365913 /* Release */,
			);
			defaultConfigurationIsVisible = 0;
			defaultConfigurationName = Release;
		};
		9AF2AEB42D934A2700365913 /* Build configuration list for PBXNativeTarget "Taskii" */ = {
			isa = XCConfigurationList;
			buildConfigurations = (
				9AF2AEB52D934A2700365913 /* Debug */,
				9AF2AEB62D934A2700365913 /* Release */,
			);
			defaultConfigurationIsVisible = 0;
			defaultConfigurationName = Release;
		};
		9AF2AEB72D934A2700365913 /* Build configuration list for PBXNativeTarget "TaskiiTests" */ = {
			isa = XCConfigurationList;
			buildConfigurations = (
				9AF2AEB82D934A2700365913 /* Debug */,
				9AF2AEB92D934A2700365913 /* Release */,
			);
			defaultConfigurationIsVisible = 0;
			defaultConfigurationName = Release;
		};
		9AF2AEBA2D934A2700365913 /* Build configuration list for PBXNativeTarget "TaskiiUITests" */ = {
			isa = XCConfigurationList;
			buildConfigurations = (
				9AF2AEBB2D934A2700365913 /* Debug */,
				9AF2AEBC2D934A2700365913 /* Release */,
			);
			defaultConfigurationIsVisible = 0;
			defaultConfigurationName = Release;
		};
/* End XCConfigurationList section */

/* Begin XCRemoteSwiftPackageReference section */
		9A705BA82D9351BF00303F0A /* XCRemoteSwiftPackageReference "url-image" */ = {
			isa = XCRemoteSwiftPackageReference;
			repositoryURL = "https://github.com/dmytro-anokhin/url-image";
			requirement = {
				kind = upToNextMajorVersion;
				minimumVersion = 3.1.1;
			};
		};
		9A705BAF2D95964100303F0A /* XCRemoteSwiftPackageReference "firebase-ios-sdk" */ = {
			isa = XCRemoteSwiftPackageReference;
			repositoryURL = "https://github.com/firebase/firebase-ios-sdk";
			requirement = {
				kind = upToNextMajorVersion;
				minimumVersion = 11.10.0;
			};
		};
/* End XCRemoteSwiftPackageReference section */

/* Begin XCSwiftPackageProductDependency section */
		9A705BAA2D9351E700303F0A /* URLImage */ = {
			isa = XCSwiftPackageProductDependency;
			package = 9A705BA82D9351BF00303F0A /* XCRemoteSwiftPackageReference "url-image" */;
			productName = URLImage;
		};
		9A705BB02D95964200303F0A /* FirebaseAuth */ = {
			isa = XCSwiftPackageProductDependency;
			package = 9A705BAF2D95964100303F0A /* XCRemoteSwiftPackageReference "firebase-ios-sdk" */;
			productName = FirebaseAuth;
		};
		9A705BB22D95964200303F0A /* FirebaseFirestore */ = {
			isa = XCSwiftPackageProductDependency;
			package = 9A705BAF2D95964100303F0A /* XCRemoteSwiftPackageReference "firebase-ios-sdk" */;
			productName = FirebaseFirestore;
		};
/* End XCSwiftPackageProductDependency section */
	};
	rootObject = 9AF2AE862D934A2500365913 /* Project object */;
}
